
Microsoft Visual Studio Solution File, Format Version 12.00
# Visual Studio 15
Project("{FAE04EC0-301F-11D3-BF4B-00C04F79EFBC}") = "SwitchCase", "SwitchCase\SwitchCase.csproj", "{76D3C826-CC0E-4CDF-ACD5-813EE8039ACA}"
EndProject
Global
	GlobalSection(SolutionConfigurationPlatforms) = preSolution
		Debug|x86 = Debug|x86
		Release|x86 = Release|x86
	EndGlobalSection
	GlobalSection(ProjectConfigurationPlatforms) = postSolution
		{76D3C826-CC0E-4CDF-ACD5-813EE8039ACA}.Debug|x86.ActiveCfg = Debug|x86
		{76D3C826-CC0E-4CDF-ACD5-813EE8039ACA}.Debug|x86.Build.0 = Debug|x86
		{76D3C826-CC0E-4CDF-ACD5-813EE8039ACA}.Release|x86.ActiveCfg = Release|x86
		{76D3C826-CC0E-4CDF-ACD5-813EE8039ACA}.Release|x86.Build.0 = Release|x86
	EndGlobalSection
EndGlobal
